
Microsoft Visual Studio Solution File, Format Version 12.00
# Visual Studio 15
VisualStudioVersion = 15.0.27428.2015
MinimumVisualStudioVersion = 10.0.40219.1
Project("{FAE04EC0-301F-11D3-BF4B-00C04F79EFBC}") = "DAoCBot", "DAoCBot.csproj", "{FC7BFBFB-AFBE-4316-97B4-4661487E0567}"
EndProject
Global
	GlobalSection(SolutionConfigurationPlatforms) = preSolution
		Debug|Any CPU = Debug|Any CPU
		Release|Any CPU = Release|Any CPU
	EndGlobalSection
	GlobalSection(ProjectConfigurationPlatforms) = postSolution
		{FC7BFBFB-AFBE-4316-97B4-4661487E0567}.Debug|Any CPU.ActiveCfg = Debug|Any CPU
		{FC7BFBFB-AFBE-4316-97B4-4661487E0567}.Debug|Any CPU.Build.0 = Debug|Any CPU
		{FC7BFBFB-AFBE-4316-97B4-4661487E0567}.Release|Any CPU.ActiveCfg = Release|Any CPU
		{FC7BFBFB-AFBE-4316-97B4-4661487E0567}.Release|Any CPU.Build.0 = Release|Any CPU
	EndGlobalSection
	GlobalSection(SolutionProperties) = preSolution
		HideSolutionNode = FALSE
	EndGlobalSection
	GlobalSection(ExtensibilityGlobals) = postSolution
		SolutionGuid = {249AF88A-29B3-4043-96CA-68223FD85880}
	EndGlobalSection
EndGlobal
